
Microsoft Visual Studio Solution File, Format Version 12.00
# Visual Studio 15
VisualStudioVersion = 15.0.27703.2035
MinimumVisualStudioVersion = 10.0.40219.1
Project("{FAE04EC0-301F-11D3-BF4B-00C04F79EFBC}") = "ParseFile", "ParseFile\ParseFile.csproj", "{A6740D04-6FF5-434B-A688-93F76DB3F96A}"
EndProject
Global
	GlobalSection(SolutionConfigurationPlatforms) = preSolution
		Debug|Any CPU = Debug|Any CPU
		Release|Any CPU = Release|Any CPU
	EndGlobalSection
	GlobalSection(ProjectConfigurationPlatforms) = postSolution
		{A6740D04-6FF5-434B-A688-93F76DB3F96A}.Debug|Any CPU.ActiveCfg = Debug|Any CPU
		{A6740D04-6FF5-434B-A688-93F76DB3F96A}.Debug|Any CPU.Build.0 = Debug|Any CPU
		{A6740D04-6FF5-434B-A688-93F76DB3F96A}.Release|Any CPU.ActiveCfg = Release|Any CPU
		{A6740D04-6FF5-434B-A688-93F76DB3F96A}.Release|Any CPU.Build.0 = Release|Any CPU
	EndGlobalSection
	GlobalSection(SolutionProperties) = preSolution
		HideSolutionNode = FALSE
	EndGlobalSection
	GlobalSection(ExtensibilityGlobals) = postSolution
		SolutionGuid = {503FAD0D-95ED-4889-B2E2-351B004B5EB5}
	EndGlobalSection
EndGlobal
